
Microsoft Visual Studio Solution File, Format Version 12.00
# Visual Studio Version 16
VisualStudioVersion = 16.0.29209.152
MinimumVisualStudioVersion = 10.0.40219.1
Project("{FAE04EC0-301F-11D3-BF4B-00C04F79EFBC}") = "CoreReactApp", "CoreReactApp.csproj", "{A1D18133-F47E-443A-9A6F-F41A191A5480}"
EndProject
Global
	GlobalSection(SolutionConfigurationPlatforms) = preSolution
		Debug|Any CPU = Debug|Any CPU
		Release|Any CPU = Release|Any CPU
	EndGlobalSection
	GlobalSection(ProjectConfigurationPlatforms) = postSolution
		{A1D18133-F47E-443A-9A6F-F41A191A5480}.Debug|Any CPU.ActiveCfg = Debug|Any CPU
		{A1D18133-F47E-443A-9A6F-F41A191A5480}.Debug|Any CPU.Build.0 = Debug|Any CPU
		{A1D18133-F47E-443A-9A6F-F41A191A5480}.Release|Any CPU.ActiveCfg = Release|Any CPU
		{A1D18133-F47E-443A-9A6F-F41A191A5480}.Release|Any CPU.Build.0 = Release|Any CPU
	EndGlobalSection
	GlobalSection(SolutionProperties) = preSolution
		HideSolutionNode = FALSE
	EndGlobalSection
	GlobalSection(ExtensibilityGlobals) = postSolution
		SolutionGuid = {7646D8B8-2B8B-49CA-B000-E27574C91F38}
	EndGlobalSection
EndGlobal
